
Microsoft Visual Studio Solution File, Format Version 12.00
# Visual Studio 15
VisualStudioVersion = 15.0.27703.2026
MinimumVisualStudioVersion = 10.0.40219.1
Project("{FAE04EC0-301F-11D3-BF4B-00C04F79EFBC}") = "DXCTrialsPlugin", "DXCTrialsPlugin\DXCTrialsPlugin.csproj", "{2E173437-38C6-4866-B9E2-B5E25485B374}"
EndProject
Global
	GlobalSection(SolutionConfigurationPlatforms) = preSolution
		Debug|Any CPU = Debug|Any CPU
		Release|Any CPU = Release|Any CPU
	EndGlobalSection
	GlobalSection(ProjectConfigurationPlatforms) = postSolution
		{2E173437-38C6-4866-B9E2-B5E25485B374}.Debug|Any CPU.ActiveCfg = Debug|Any CPU
		{2E173437-38C6-4866-B9E2-B5E25485B374}.Debug|Any CPU.Build.0 = Debug|Any CPU
		{2E173437-38C6-4866-B9E2-B5E25485B374}.Release|Any CPU.ActiveCfg = Release|Any CPU
		{2E173437-38C6-4866-B9E2-B5E25485B374}.Release|Any CPU.Build.0 = Release|Any CPU
	EndGlobalSection
	GlobalSection(SolutionProperties) = preSolution
		HideSolutionNode = FALSE
	EndGlobalSection
	GlobalSection(ExtensibilityGlobals) = postSolution
		SolutionGuid = {7ECBDB26-9CAE-49F8-854B-9982D152F802}
	EndGlobalSection
EndGlobal
